
Microsoft Visual Studio Solution File, Format Version 12.00
# Visual Studio 2012
Project("{FAE04EC0-301F-11D3-BF4B-00C04F79EFBC}") = "WiFiMCU_Studio", "WiFiMCU STUDIO\WiFiMCU_Studio.csproj", "{07DC410B-0C95-4474-A4E0-6FA1B35F91BF}"
EndProject
Global
	GlobalSection(SolutionConfigurationPlatforms) = preSolution
		Debug|x86 = Debug|x86
		Release|x86 = Release|x86
	EndGlobalSection
	GlobalSection(ProjectConfigurationPlatforms) = postSolution
		{07DC410B-0C95-4474-A4E0-6FA1B35F91BF}.Debug|x86.ActiveCfg = Debug|x86
		{07DC410B-0C95-4474-A4E0-6FA1B35F91BF}.Debug|x86.Build.0 = Debug|x86
		{07DC410B-0C95-4474-A4E0-6FA1B35F91BF}.Release|x86.ActiveCfg = Release|x86
		{07DC410B-0C95-4474-A4E0-6FA1B35F91BF}.Release|x86.Build.0 = Release|x86
	EndGlobalSection
	GlobalSection(SolutionProperties) = preSolution
		HideSolutionNode = FALSE
	EndGlobalSection
EndGlobal
